hash: c5a72a7c45938dc75a1715535d86004dd8652f6870c761b98c682636c8775424
updated: 2016-08-24T00:00:55.670855078+08:00
imports:
- name: github.com/ant0ine/go-json-rest
  version: 3a807d6d8d36e0f9175d6c292030fce09bcbb2db
  subpackages:
  - rest
  - rest/trie
- name: github.com/dgrijalva/jwt-go
  version: 63734eae1ef55eaac06fdc0f312615f2e321e273
- name: github.com/StephanDollberg/go-json-rest-middleware-jwt
  version: be2a0500d9b32741c6823e55c27b4a79151272eb
- name: github.com/tockins/realize
  version: 729c81a5941d00df4214946a52f43d250ab381a4
- name: gopkg.in/mgo.v2
  version: 3f83fa5005286a7fe593b055f0d7771a7dce4655
  subpackages:
  - bson
  - internal/sasl
  - internal/scram
  - internal/json
testImports: []
